
Microsoft Visual Studio Solution File, Format Version 12.00
# Visual Studio Version 16
VisualStudioVersion = 16.0.30711.63
MinimumVisualStudioVersion = 10.0.40219.1
Project("{FAE04EC0-301F-11D3-BF4B-00C04F79EFBC}") = "UdgPan", "UdgPan.csproj", "{727F478B-D592-4568-B2D1-66F888075F82}"
EndProject
Global
	GlobalSection(SolutionConfigurationPlatforms) = preSolution
		Debug|Any CPU = Debug|Any CPU
		Release|Any CPU = Release|Any CPU
	EndGlobalSection
	GlobalSection(ProjectConfigurationPlatforms) = postSolution
		{727F478B-D592-4568-B2D1-66F888075F82}.Debug|Any CPU.ActiveCfg = Debug|Any CPU
		{727F478B-D592-4568-B2D1-66F888075F82}.Debug|Any CPU.Build.0 = Debug|Any CPU
		{727F478B-D592-4568-B2D1-66F888075F82}.Release|Any CPU.ActiveCfg = Release|Any CPU
		{727F478B-D592-4568-B2D1-66F888075F82}.Release|Any CPU.Build.0 = Release|Any CPU
	EndGlobalSection
	GlobalSection(SolutionProperties) = preSolution
		HideSolutionNode = FALSE
	EndGlobalSection
	GlobalSection(ExtensibilityGlobals) = postSolution
		SolutionGuid = {0300E65E-8CA5-4F17-8DBF-49E86D7EDC2E}
	EndGlobalSection
EndGlobal
